
Microsoft Visual Studio Solution File, Format Version 12.00
# Visual Studio Version 16
VisualStudioVersion = 16.0.29806.167
MinimumVisualStudioVersion = 10.0.40219.1
Project("{FAE04EC0-301F-11D3-BF4B-00C04F79EFBC}") = "LongestPalindromSubString", "LongestPalindromSubString.csproj", "{B6F04B8D-4111-4166-9BAE-7ACC21A82458}"
EndProject
Global
	GlobalSection(SolutionConfigurationPlatforms) = preSolution
		Debug|Any CPU = Debug|Any CPU
		Release|Any CPU = Release|Any CPU
	EndGlobalSection
	GlobalSection(ProjectConfigurationPlatforms) = postSolution
		{B6F04B8D-4111-4166-9BAE-7ACC21A82458}.Debug|Any CPU.ActiveCfg = Debug|Any CPU
		{B6F04B8D-4111-4166-9BAE-7ACC21A82458}.Debug|Any CPU.Build.0 = Debug|Any CPU
		{B6F04B8D-4111-4166-9BAE-7ACC21A82458}.Release|Any CPU.ActiveCfg = Release|Any CPU
		{B6F04B8D-4111-4166-9BAE-7ACC21A82458}.Release|Any CPU.Build.0 = Release|Any CPU
	EndGlobalSection
	GlobalSection(SolutionProperties) = preSolution
		HideSolutionNode = FALSE
	EndGlobalSection
	GlobalSection(ExtensibilityGlobals) = postSolution
		SolutionGuid = {EAAC5503-767D-490B-A28A-C9013AF371FF}
	EndGlobalSection
EndGlobal
